
Microsoft Visual Studio Solution File, Format Version 12.00
# Visual Studio 15
VisualStudioVersion = 15.0.28307.438
MinimumVisualStudioVersion = 10.0.40219.1
Project("{FAE04EC0-301F-11D3-BF4B-00C04F79EFBC}") = "WebApiTutorial1Webapi", "WebApiTutorial1Webapi\WebApiTutorial1Webapi.csproj", "{56598B75-7A32-4202-87CF-E1DC9E2373B8}"
EndProject
Global
	GlobalSection(SolutionConfigurationPlatforms) = preSolution
		Debug|Any CPU = Debug|Any CPU
		Release|Any CPU = Release|Any CPU
	EndGlobalSection
	GlobalSection(ProjectConfigurationPlatforms) = postSolution
		{56598B75-7A32-4202-87CF-E1DC9E2373B8}.Debug|Any CPU.ActiveCfg = Debug|Any CPU
		{56598B75-7A32-4202-87CF-E1DC9E2373B8}.Debug|Any CPU.Build.0 = Debug|Any CPU
		{56598B75-7A32-4202-87CF-E1DC9E2373B8}.Release|Any CPU.ActiveCfg = Release|Any CPU
		{56598B75-7A32-4202-87CF-E1DC9E2373B8}.Release|Any CPU.Build.0 = Release|Any CPU
	EndGlobalSection
	GlobalSection(SolutionProperties) = preSolution
		HideSolutionNode = FALSE
	EndGlobalSection
	GlobalSection(ExtensibilityGlobals) = postSolution
		SolutionGuid = {35D392A2-D3B4-496D-A6D1-E52847AAEF75}
	EndGlobalSection
EndGlobal
